// !$*UTF8*$!
{
	archiveVersion = 1;
	classes = {
	};
	objectVersion = 50;
	objects = {

/* Begin PBXBuildFile section */
		567EABD426A5C98E00B7602B /* AppDelegate.swift in Sources */ = {isa = PBXBuildFile; fileRef = 567EABD326A5C98E00B7602B /* AppDelegate.swift */; };
		567EABD626A5C98E00B7602B /* SceneDelegate.swift in Sources */ = {isa = PBXBuildFile; fileRef = 567EABD526A5C98E00B7602B /* SceneDelegate.swift */; };
		567EABD826A5C98E00B7602B /* ContentView.swift in Sources */ = {isa = PBXBuildFile; fileRef = 567EABD726A5C98E00B7602B /* ContentView.swift */; };
		567EABDA26A5C99400B7602B /* Assets.xcassets in Resources */ = {isa = PBXBuildFile; fileRef = 567EABD926A5C99400B7602B /* Assets.xcassets */; };
		567EABDD26A5C99400B7602B /* Preview Assets.xcassets in Resources */ = {isa = PBXBuildFile; fileRef = 567EABDC26A5C99400B7602B /* Preview Assets.xcassets */; };
		567EABE026A5C99400B7602B /* LaunchScreen.storyboard in Resources */ = {isa = PBXBuildFile; fileRef = 567EABDE26A5C99400B7602B /* LaunchScreen.storyboard */; };
		567EABE926A611BD00B7602B /* WebServiceController.swift in Sources */ = {isa = PBXBuildFile; fileRef = 567EABE826A611BD00B7602B /* WebServiceController.swift */; };
		567EABEB26A6158800B7602B /* OpenWeatherMapController.swift in Sources */ = {isa = PBXBuildFile; fileRef = 567EABEA26A6158800B7602B /* OpenWeatherMapController.swift */; };
		567EABF126A61BB900B7602B /* OpenWeatherMapData.swift in Sources */ = {isa = PBXBuildFile; fileRef = 567EABF026A61BB900B7602B /* OpenWeatherMapData.swift */; };
		567EABF326A61C7900B7602B /* WeatherStackData.swift in Sources */ = {isa = PBXBuildFile; fileRef = 567EABF226A61C7900B7602B /* WeatherStackData.swift */; };
		567EABF626A61CD300B7602B /* WeatherViewModel.swift in Sources */ = {isa = PBXBuildFile; fileRef = 567EABF526A61CD300B7602B /* WeatherViewModel.swift */; };
		567EABF826A61D3400B7602B /* WeatherStackController.swift in Sources */ = {isa = PBXBuildFile; fileRef = 567EABF726A61D3400B7602B /* WeatherStackController.swift */; };
/* End PBXBuildFile section */

/* Begin PBXFileReference section */
		567EABD026A5C98E00B7602B /* WeatherApp.app */ = {isa = PBXFileReference; explicitFileType = wrapper.application; includeInIndex = 0; path = WeatherApp.app; sourceTree = BUILT_PRODUCTS_DIR; };
		567EABD326A5C98E00B7602B /* AppDelegate.swift */ = {isa = PBXFileReference; lastKnownFileType = sourcecode.swift; path = AppDelegate.swift; sourceTree = "<group>"; };
		567EABD526A5C98E00B7602B /* SceneDelegate.swift */ = {isa = PBXFileReference; lastKnownFileType = sourcecode.swift; path = SceneDelegate.swift; sourceTree = "<group>"; };
		567EABD726A5C98E00B7602B /* ContentView.swift */ = {isa = PBXFileReference; lastKnownFileType = sourcecode.swift; path = ContentView.swift; sourceTree = "<group>"; };
		567EABD926A5C99400B7602B /* Assets.xcassets */ = {isa = PBXFileReference; lastKnownFileType = folder.assetcatalog; path = Assets.xcassets; sourceTree = "<group>"; };
		567EABDC26A5C99400B7602B /* Preview Assets.xcassets */ = {isa = PBXFileReference; lastKnownFileType = folder.assetcatalog; path = "Preview Assets.xcassets"; sourceTree = "<group>"; };
		567EABDF26A5C99400B7602B /* Base */ = {isa = PBXFileReference; lastKnownFileType = file.storyboard; name = Base; path = Base.lproj/LaunchScreen.storyboard; sourceTree = "<group>"; };
		567EABE126A5C99400B7602B /* Info.plist */ = {isa = PBXFileReference; lastKnownFileType = text.plist.xml; path = Info.plist; sourceTree = "<group>"; };
		567EABE826A611BD00B7602B /* WebServiceController.swift */ = {isa = PBXFileReference; lastKnownFileType = sourcecode.swift; path = WebServiceController.swift; sourceTree = "<group>"; };
		567EABEA26A6158800B7602B /* OpenWeatherMapController.swift */ = {isa = PBXFileReference; lastKnownFileType = sourcecode.swift; path = OpenWeatherMapController.swift; sourceTree = "<group>"; };
		567EABF026A61BB900B7602B /* OpenWeatherMapData.swift */ = {isa = PBXFileReference; lastKnownFileType = sourcecode.swift; path = OpenWeatherMapData.swift; sourceTree = "<group>"; };
		567EABF226A61C7900B7602B /* WeatherStackData.swift */ = {isa = PBXFileReference; lastKnownFileType = sourcecode.swift; path = WeatherStackData.swift; sourceTree = "<group>"; };
		567EABF526A61CD300B7602B /* WeatherViewModel.swift */ = {isa = PBXFileReference; lastKnownFileType = sourcecode.swift; path = WeatherViewModel.swift; sourceTree = "<group>"; };
		567EABF726A61D3400B7602B /* WeatherStackController.swift */ = {isa = PBXFileReference; lastKnownFileType = sourcecode.swift; path = WeatherStackController.swift; sourceTree = "<group>"; };
/* End PBXFileReference section */

/* Begin PBXFrameworksBuildPhase section */
		567EABCD26A5C98E00B7602B /* Frameworks */ = {
			isa = PBXFrameworksBuildPhase;
			buildActionMask = 2147483647;
			files = (
			);
			runOnlyForDeploymentPostprocessing = 0;
		};
/* End PBXFrameworksBuildPhase section */

/* Begin PBXGroup section */
		567EABC726A5C98E00B7602B = {
			isa = PBXGroup;
			children = (
				567EABD226A5C98E00B7602B /* WeatherApp */,
				567EABD126A5C98E00B7602B /* Products */,
			);
			sourceTree = "<group>";
		};
		567EABD126A5C98E00B7602B /* Products */ = {
			isa = PBXGroup;
			children = (
				567EABD026A5C98E00B7602B /* WeatherApp.app */,
			);
			name = Products;
			sourceTree = "<group>";
		};
		567EABD226A5C98E00B7602B /* WeatherApp */ = {
			isa = PBXGroup;
			children = (
				567EABF426A61CBE00B7602B /* ViewModel */,
				567EABE726A6119B00B7602B /* Model */,
				567EABD326A5C98E00B7602B /* AppDelegate.swift */,
				567EABD526A5C98E00B7602B /* SceneDelegate.swift */,
				567EABD726A5C98E00B7602B /* ContentView.swift */,
				567EABD926A5C99400B7602B /* Assets.xcassets */,
				567EABDE26A5C99400B7602B /* LaunchScreen.storyboard */,
				567EABE126A5C99400B7602B /* Info.plist */,
				567EABDB26A5C99400B7602B /* Preview Content */,
			);
			path = WeatherApp;
			sourceTree = "<group>";
		};
		567EABDB26A5C99400B7602B /* Preview Content */ = {
			isa = PBXGroup;
			children = (
				567EABDC26A5C99400B7602B /* Preview Assets.xcassets */,
			);
			path = "Preview Content";
			sourceTree = "<group>";
		};
		567EABE726A6119B00B7602B /* Model */ = {
			isa = PBXGroup;
			children = (
				567EABEF26A61BA700B7602B /* JSONMapper */,
				567EABE826A611BD00B7602B /* WebServiceController.swift */,
				567EABEA26A6158800B7602B /* OpenWeatherMapController.swift */,
				567EABF726A61D3400B7602B /* WeatherStackController.swift */,
			);
			path = Model;
			sourceTree = "<group>";
		};
		567EABEF26A61BA700B7602B /* JSONMapper */ = {
			isa = PBXGroup;
			children = (
				567EABF026A61BB900B7602B /* OpenWeatherMapData.swift */,
				567EABF226A61C7900B7602B /* WeatherStackData.swift */,
			);
			path = JSONMapper;
			sourceTree = "<group>";
		};
		567EABF426A61CBE00B7602B /* ViewModel */ = {
			isa = PBXGroup;
			children = (
				567EABF526A61CD300B7602B /* WeatherViewModel.swift */,
			);
			path = ViewModel;
			sourceTree = "<group>";
		};
/* End PBXGroup section */

/* Begin PBXNativeTarget section */
		567EABCF26A5C98E00B7602B /* WeatherApp */ = {
			isa = PBXNativeTarget;
			buildConfigurationList = 567EABE426A5C99400B7602B /* Build configuration list for PBXNativeTarget "WeatherApp" */;
			buildPhases = (
				567EABCC26A5C98E00B7602B /* Sources */,
				567EABCD26A5C98E00B7602B /* Frameworks */,
				567EABCE26A5C98E00B7602B /* Resources */,
			);
			buildRules = (
			);
			dependencies = (
			);
			name = WeatherApp;
			productName = WeatherApp;
			productReference = 567EABD026A5C98E00B7602B /* WeatherApp.app */;
			productType = "com.apple.product-type.application";
		};
/* End PBXNativeTarget section */

/* Begin PBXProject section */
		567EABC826A5C98E00B7602B /* Project object */ = {
			isa = PBXProject;
			attributes = {
				LastSwiftUpdateCheck = 1130;
				LastUpgradeCheck = 1130;
				ORGANIZATIONNAME = "Gizem Dayioglu";
				TargetAttributes = {
					567EABCF26A5C98E00B7602B = {
						CreatedOnToolsVersion = 11.3.1;
					};
				};
			};
			buildConfigurationList = 567EABCB26A5C98E00B7602B /* Build configuration list for PBXProject "WeatherApp" */;
			compatibilityVersion = "Xcode 9.3";
			developmentRegion = en;
			hasScannedForEncodings = 0;
			knownRegions = (
				en,
				Base,
			);
			mainGroup = 567EABC726A5C98E00B7602B;
			productRefGroup = 567EABD126A5C98E00B7602B /* Products */;
			projectDirPath = "";
			projectRoot = "";
			targets = (
				567EABCF26A5C98E00B7602B /* WeatherApp */,
			);
		};
/* End PBXProject section */

/* Begin PBXResourcesBuildPhase section */
		567EABCE26A5C98E00B7602B /* Resources */ = {
			isa = PBXResourcesBuildPhase;
			buildActionMask = 2147483647;
			files = (
				567EABE026A5C99400B7602B /* LaunchScreen.storyboard in Resources */,
				567EABDD26A5C99400B7602B /* Preview Assets.xcassets in Resources */,
				567EABDA26A5C99400B7602B /* Assets.xcassets in Resources */,
			);
			runOnlyForDeploymentPostprocessing = 0;
		};
/* End PBXResourcesBuildPhase section */

/* Begin PBXSourcesBuildPhase section */
		567EABCC26A5C98E00B7602B /* Sources */ = {
			isa = PBXSourcesBuildPhase;
			buildActionMask = 2147483647;
			files = (
				567EABEB26A6158800B7602B /* OpenWeatherMapController.swift in Sources */,
				567EABF826A61D3400B7602B /* WeatherStackController.swift in Sources */,
				567EABF626A61CD300B7602B /* WeatherViewModel.swift in Sources */,
				567EABF326A61C7900B7602B /* WeatherStackData.swift in Sources */,
				567EABE926A611BD00B7602B /* WebServiceController.swift in Sources */,
				567EABD426A5C98E00B7602B /* AppDelegate.swift in Sources */,
				567EABD626A5C98E00B7602B /* SceneDelegate.swift in Sources */,
				567EABD826A5C98E00B7602B /* ContentView.swift in Sources */,
				567EABF126A61BB900B7602B /* OpenWeatherMapData.swift in Sources */,
			);
			runOnlyForDeploymentPostprocessing = 0;
		};
/* End PBXSourcesBuildPhase section */

/* Begin PBXVariantGroup section */
		567EABDE26A5C99400B7602B /* LaunchScreen.storyboard */ = {
			isa = PBXVariantGroup;
			children = (
				567EABDF26A5C99400B7602B /* Base */,
			);
			name = LaunchScreen.storyboard;
			sourceTree = "<group>";
		};
/* End PBXVariantGroup section */

/* Begin XCBuildConfiguration section */
		567EABE226A5C99400B7602B /* Debug */ = {
			isa = XCBuildConfiguration;
			buildSettings = {
				ALWAYS_SEARCH_USER_PATHS = NO;
				CLANG_ANALYZER_NONNULL = YES;
				CLANG_ANALYZER_NUMBER_OBJECT_CONVERSION = YES_AGGRESSIVE;
				CLANG_CXX_LANGUAGE_STANDARD = "gnu++14";
				CLANG_CXX_LIBRARY = "libc++";
				CLANG_ENABLE_MODULES = YES;
				CLANG_ENABLE_OBJC_ARC = YES;
				CLANG_ENABLE_OBJC_WEAK = YES;
				CLANG_WARN_BLOCK_CAPTURE_AUTORELEASING = YES;
				CLANG_WARN_BOOL_CONVERSION = YES;
				CLANG_WARN_COMMA = YES;
				CLANG_WARN_CONSTANT_CONVERSION = YES;
				CLANG_WARN_DEPRECATED_OBJC_IMPLEMENTATIONS = YES;
				CLANG_WARN_DIRECT_OBJC_ISA_USAGE = YES_ERROR;
				CLANG_WARN_DOCUMENTATION_COMMENTS = YES;
				CLANG_WARN_EMPTY_BODY = YES;
				CLANG_WARN_ENUM_CONVERSION = YES;
				CLANG_WARN_INFINITE_RECURSION = YES;
				CLANG_WARN_INT_CONVERSION = YES;
				CLANG_WARN_NON_LITERAL_NULL_CONVERSION = YES;
				CLANG_WARN_OBJC_IMPLICIT_RETAIN_SELF = YES;
				CLANG_WARN_OBJC_LITERAL_CONVERSION = YES;
				CLANG_WARN_OBJC_ROOT_CLASS = YES_ERROR;
				CLANG_WARN_RANGE_LOOP_ANALYSIS = YES;
				CLANG_WARN_STRICT_PROTOTYPES = YES;
				CLANG_WARN_SUSPICIOUS_MOVE = YES;
				CLANG_WARN_UNGUARDED_AVAILABILITY = YES_AGGRESSIVE;
				CLANG_WARN_UNREACHABLE_CODE = YES;
				CLANG_WARN__DUPLICATE_METHOD_MATCH = YES;
				COPY_PHASE_STRIP = NO;
				DEBUG_INFORMATION_FORMAT = dwarf;
				ENABLE_STRICT_OBJC_MSGSEND = YES;
				ENABLE_TESTABILITY = YES;
				GCC_C_LANGUAGE_STANDARD = gnu11;
				GCC_DYNAMIC_NO_PIC = NO;
				GCC_NO_COMMON_BLOCKS = YES;
				GCC_OPTIMIZATION_LEVEL = 0;
				GCC_PREPROCESSOR_DEFINITIONS = (
					"DEBUG=1",
					"$(inherited)",
				);
				GCC_WARN_64_TO_32_BIT_CONVERSION = YES;
				GCC_WARN_ABOUT_RETURN_TYPE = YES_ERROR;
				GCC_WARN_UNDECLARED_SELECTOR = YES;
				GCC_WARN_UNINITIALIZED_AUTOS = YES_AGGRESSIVE;
				GCC_WARN_UNUSED_FUNCTION = YES;
				GCC_WARN_UNUSED_VARIABLE = YES;
				IPHONEOS_DEPLOYMENT_TARGET = 13.2;
				MTL_ENABLE_DEBUG_INFO = INCLUDE_SOURCE;
				MTL_FAST_MATH = YES;
				ONLY_ACTIVE_ARCH = YES;
				SDKROOT = iphoneos;
				SWIFT_ACTIVE_COMPILATION_CONDITIONS = DEBUG;
				SWIFT_OPTIMIZATION_LEVEL = "-Onone";
			};
			name = Debug;
		};
		567EABE326A5C99400B7602B /* Release */ = {
			isa = XCBuildConfiguration;
			buildSettings = {
				ALWAYS_SEARCH_USER_PATHS = NO;
				CLANG_ANALYZER_NONNULL = YES;
				CLANG_ANALYZER_NUMBER_OBJECT_CONVERSION = YES_AGGRESSIVE;
				CLANG_CXX_LANGUAGE_STANDARD = "gnu++14";
				CLANG_CXX_LIBRARY = "libc++";
				CLANG_ENABLE_MODULES = YES;
				CLANG_ENABLE_OBJC_ARC = YES;
				CLANG_ENABLE_OBJC_WEAK = YES;
				CLANG_WARN_BLOCK_CAPTURE_AUTORELEASING = YES;
				CLANG_WARN_BOOL_CONVERSION = YES;
				CLANG_WARN_COMMA = YES;
				CLANG_WARN_CONSTANT_CONVERSION = YES;
				CLANG_WARN_DEPRECATED_OBJC_IMPLEMENTATIONS = YES;
				CLANG_WARN_DIRECT_OBJC_ISA_USAGE = YES_ERROR;
				CLANG_WARN_DOCUMENTATION_COMMENTS = YES;
				CLANG_WARN_EMPTY_BODY = YES;
				CLANG_WARN_ENUM_CONVERSION = YES;
				CLANG_WARN_INFINITE_RECURSION = YES;
				CLANG_WARN_INT_CONVERSION = YES;
				CLANG_WARN_NON_LITERAL_NULL_CONVERSION = YES;
				CLANG_WARN_OBJC_IMPLICIT_RETAIN_SELF = YES;
				CLANG_WARN_OBJC_LITERAL_CONVERSION = YES;
				CLANG_WARN_OBJC_ROOT_CLASS = YES_ERROR;
				CLANG_WARN_RANGE_LOOP_ANALYSIS = YES;
				CLANG_WARN_STRICT_PROTOTYPES = YES;
				CLANG_WARN_SUSPICIOUS_MOVE = YES;
				CLANG_WARN_UNGUARDED_AVAILABILITY = YES_AGGRESSIVE;
				CLANG_WARN_UNREACHABLE_CODE = YES;
				CLANG_WARN__DUPLICATE_METHOD_MATCH = YES;
				COPY_PHASE_STRIP = NO;
				DEBUG_INFORMATION_FORMAT = "dwarf-with-dsym";
				ENABLE_NS_ASSERTIONS = NO;
				ENABLE_STRICT_OBJC_MSGSEND = YES;
				GCC_C_LANGUAGE_STANDARD = gnu11;
				GCC_NO_COMMON_BLOCKS = YES;
				GCC_WARN_64_TO_32_BIT_CONVERSION = YES;
				GCC_WARN_ABOUT_RETURN_TYPE = YES_ERROR;
				GCC_WARN_UNDECLARED_SELECTOR = YES;
				GCC_WARN_UNINITIALIZED_AUTOS = YES_AGGRESSIVE;
				GCC_WARN_UNUSED_FUNCTION = YES;
				GCC_WARN_UNUSED_VARIABLE = YES;
				IPHONEOS_DEPLOYMENT_TARGET = 13.2;
				MTL_ENABLE_DEBUG_INFO = NO;
				MTL_FAST_MATH = YES;
				SDKROOT = iphoneos;
				SWIFT_COMPILATION_MODE = wholemodule;
				SWIFT_OPTIMIZATION_LEVEL = "-O";
				VALIDATE_PRODUCT = YES;
			};
			name = Release;
		};
		567EABE526A5C99400B7602B /* Debug */ = {
			isa = XCBuildConfiguration;
			buildSettings = {
				ASSETCATALOG_COMPILER_APPICON_NAME = AppIcon;
				CODE_SIGN_STYLE = Automatic;
				DEVELOPMENT_ASSET_PATHS = "\"WeatherApp/Preview Content\"";
				ENABLE_PREVIEWS = YES;
				INFOPLIST_FILE = WeatherApp/Info.plist;
				LD_RUNPATH_SEARCH_PATHS = (
					"$(inherited)",
					"@executable_path/Frameworks",
				);
				PRODUCT_BUNDLE_IDENTIFIER = com.gizem.WeatherApp;
				PRODUCT_NAME = "$(TARGET_NAME)";
				SWIFT_VERSION = 5.0;
				TARGETED_DEVICE_FAMILY = "1,2";
			};
			name = Debug;
		};
		567EABE626A5C99400B7602B /* Release */ = {
			isa = XCBuildConfiguration;
			buildSettings = {
				ASSETCATALOG_COMPILER_APPICON_NAME = AppIcon;
				CODE_SIGN_STYLE = Automatic;
				DEVELOPMENT_ASSET_PATHS = "\"WeatherApp/Preview Content\"";
				ENABLE_PREVIEWS = YES;
				INFOPLIST_FILE = WeatherApp/Info.plist;
				LD_RUNPATH_SEARCH_PATHS = (
					"$(inherited)",
					"@executable_path/Frameworks",
				);
				PRODUCT_BUNDLE_IDENTIFIER = com.gizem.WeatherApp;
				PRODUCT_NAME = "$(TARGET_NAME)";
				SWIFT_VERSION = 5.0;
				TARGETED_DEVICE_FAMILY = "1,2";
			};
			name = Release;
		};
/* End XCBuildConfiguration section */

/* Begin XCConfigurationList section */
		567EABCB26A5C98E00B7602B /* Build configuration list for PBXProject "WeatherApp" */ = {
			isa = XCConfigurationList;
			buildConfigurations = (
				567EABE226A5C99400B7602B /* Debug */,
				567EABE326A5C99400B7602B /* Release */,
			);
			defaultConfigurationIsVisible = 0;
			defaultConfigurationName = Release;
		};
		567EABE426A5C99400B7602B /* Build configuration list for PBXNativeTarget "WeatherApp" */ = {
			isa = XCConfigurationList;
			buildConfigurations = (
				567EABE526A5C99400B7602B /* Debug */,
				567EABE626A5C99400B7602B /* Release */,
			);
			defaultConfigurationIsVisible = 0;
			defaultConfigurationName = Release;
		};
/* End XCConfigurationList section */
	};
	rootObject = 567EABC826A5C98E00B7602B /* Project object */;
}
